{
  "name": "ui-diagram",
  "version": "1.0.0",
  "lockfileVersion": 3,
  "requires": true,
  "packages": {
    "": {
      "name": "ui-diagram",
      "version": "1.0.0",
      "license": "ISC",
      "dependencies": {
        "gojs": "^2.3.11"
      }
    },
    "node_modules/gojs": {
      "version": "2.3.11",
      "resolved": "https://registry.npmjs.org/gojs/-/gojs-2.3.11.tgz",
      "integrity": "sha512-Sdl61fI50m8pnTz0BCv7Yp1qMJ0pvCus84I0ELL+qOD+HS/V7/CrTmxNW0bLAA/yXvgbuB1wVWOcXphtcXURUA=="
    }
  }
}
